# This file is automatically @generated by Cargo.
# It is not intended for manual editing.
version = 4

[[package]]
name = "caps-probe"
version = "0.1.0"
dependencies = [
 "devdump",
 "symbian-app",
]

[[package]]
name = "devdump"
version = "0.1.0"
dependencies = [
 "symbian",
 "symbian-app",
 "symbian-gfx",
 "symbian-report",
 "symbian-sys",
 "symbian-ui",
]

[[package]]
name = "symbian"
version = "0.1.0"
dependencies = [
 "symbian-crypto",
 "symbian-sys",
]

[[package]]
name = "symbian-app"
version = "0.1.0"
dependencies = [
 "symbian",
 "symbian-gfx",
 "symbian-keys",
 "symbian-sys",
 "symbian-ui",
]

[[package]]
name = "symbian-crypto"
version = "0.1.0"

[[package]]
name = "symbian-gfx"
version = "0.1.0"

[[package]]
name = "symbian-keys"
version = "0.1.0"

[[package]]
name = "symbian-report"
version = "0.1.0"
dependencies = [
 "symbian",
]

[[package]]
name = "symbian-sys"
version = "0.1.0"

[[package]]
name = "symbian-ui"
version = "0.1.0"
dependencies = [
 "symbian-gfx",
 "symbian-sys",
]
